Microsoft Visual Studio Solution File, Format Version 12.00
# Visual Studio Version 17
VisualStudioVersion = 17.5.2.0
MinimumVisualStudioVersion = 10.0.40219.1
Project("{2150E333-8FDC-42A3-9474-1A3956D46DE8}") = "source", "source", "{B8EFCA5F-814F-285C-A8CB-F00F14650265}"
EndProject
Project("{FAE04EC0-301F-11D3-BF4B-00C04F79EFBC}") = "document-vault-api", "source\document-vault-api\document-vault-api.csproj", "{667245F5-F61C-448E-E613-8DFE36544345}"
EndProject
Global
	GlobalSection(SolutionConfigurationPlatforms) = preSolution
		Debug|Any CPU = Debug|Any CPU
		Release|Any CPU = Release|Any CPU
	EndGlobalSection
	GlobalSection(ProjectConfigurationPlatforms) = postSolution
		{667245F5-F61C-448E-E613-8DFE36544345}.Debug|Any CPU.ActiveCfg = Debug|Any CPU
		{667245F5-F61C-448E-E613-8DFE36544345}.Debug|Any CPU.Build.0 = Debug|Any CPU
		{667245F5-F61C-448E-E613-8DFE36544345}.Release|Any CPU.ActiveCfg = Release|Any CPU
		{667245F5-F61C-448E-E613-8DFE36544345}.Release|Any CPU.Build.0 = Release|Any CPU
	EndGlobalSection
	GlobalSection(SolutionProperties) = preSolution
		HideSolutionNode = FALSE
	EndGlobalSection
	GlobalSection(NestedProjects) = preSolution
		{667245F5-F61C-448E-E613-8DFE36544345} = {B8EFCA5F-814F-285C-A8CB-F00F14650265}
	EndGlobalSection
	GlobalSection(ExtensibilityGlobals) = postSolution
		SolutionGuid = {5E99924F-6338-479E-B5C1-B9C6AA01CF2A}
	EndGlobalSection
EndGlobal
